
Microsoft Visual Studio Solution File, Format Version 12.00
# Visual Studio 15
VisualStudioVersion = 15.0.26730.16
MinimumVisualStudioVersion = 10.0.40219.1
Project("{FAE04EC0-301F-11D3-BF4B-00C04F79EFBC}") = "Parser_Libs", "Parser_Libs\Parser_Libs.csproj", "{464111FF-30C9-4F5B-A887-44F5EEA7B460}"
EndProject
Project("{FAE04EC0-301F-11D3-BF4B-00C04F79EFBC}") = "LibXml", "LibXml\LibXml.csproj", "{55DDB5AE-9AB5-4177-8BBA-ED01165CB1F9}"
EndProject
Project("{FAE04EC0-301F-11D3-BF4B-00C04F79EFBC}") = "LibParse", "LibParse\LibParse.csproj", "{3D6C482A-CA36-4927-B08E-1C0C281BC208}"
EndProject
Project("{FAE04EC0-301F-11D3-BF4B-00C04F79EFBC}") = "LibProcess", "LibProcess\LibProcess.csproj", "{6695B4F0-9CE3-4529-9F98-4A70F1691F0F}"
EndProject
Project("{FAE04EC0-301F-11D3-BF4B-00C04F79EFBC}") = "Movie", "Movie\Movie.csproj", "{49CEE94B-371D-4E20-9DF9-864DBD20C70D}"
EndProject
Global
	GlobalSection(SolutionConfigurationPlatforms) = preSolution
		Debug|Any CPU = Debug|Any CPU
		Release|Any CPU = Release|Any CPU
	EndGlobalSection
	GlobalSection(ProjectConfigurationPlatforms) = postSolution
		{464111FF-30C9-4F5B-A887-44F5EEA7B460}.Debug|Any CPU.ActiveCfg = Debug|Any CPU
		{464111FF-30C9-4F5B-A887-44F5EEA7B460}.Debug|Any CPU.Build.0 = Debug|Any CPU
		{464111FF-30C9-4F5B-A887-44F5EEA7B460}.Release|Any CPU.ActiveCfg = Release|Any CPU
		{464111FF-30C9-4F5B-A887-44F5EEA7B460}.Release|Any CPU.Build.0 = Release|Any CPU
		{55DDB5AE-9AB5-4177-8BBA-ED01165CB1F9}.Debug|Any CPU.ActiveCfg = Debug|Any CPU
		{55DDB5AE-9AB5-4177-8BBA-ED01165CB1F9}.Debug|Any CPU.Build.0 = Debug|Any CPU
		{55DDB5AE-9AB5-4177-8BBA-ED01165CB1F9}.Release|Any CPU.ActiveCfg = Release|Any CPU
		{55DDB5AE-9AB5-4177-8BBA-ED01165CB1F9}.Release|Any CPU.Build.0 = Release|Any CPU
		{3D6C482A-CA36-4927-B08E-1C0C281BC208}.Debug|Any CPU.ActiveCfg = Debug|Any CPU
		{3D6C482A-CA36-4927-B08E-1C0C281BC208}.Debug|Any CPU.Build.0 = Debug|Any CPU
		{3D6C482A-CA36-4927-B08E-1C0C281BC208}.Release|Any CPU.ActiveCfg = Release|Any CPU
		{3D6C482A-CA36-4927-B08E-1C0C281BC208}.Release|Any CPU.Build.0 = Release|Any CPU
		{6695B4F0-9CE3-4529-9F98-4A70F1691F0F}.Debug|Any CPU.ActiveCfg = Debug|Any CPU
		{6695B4F0-9CE3-4529-9F98-4A70F1691F0F}.Debug|Any CPU.Build.0 = Debug|Any CPU
		{6695B4F0-9CE3-4529-9F98-4A70F1691F0F}.Release|Any CPU.ActiveCfg = Release|Any CPU
		{6695B4F0-9CE3-4529-9F98-4A70F1691F0F}.Release|Any CPU.Build.0 = Release|Any CPU
		{49CEE94B-371D-4E20-9DF9-864DBD20C70D}.Debug|Any CPU.ActiveCfg = Debug|Any CPU
		{49CEE94B-371D-4E20-9DF9-864DBD20C70D}.Debug|Any CPU.Build.0 = Debug|Any CPU
		{49CEE94B-371D-4E20-9DF9-864DBD20C70D}.Release|Any CPU.ActiveCfg = Release|Any CPU
		{49CEE94B-371D-4E20-9DF9-864DBD20C70D}.Release|Any CPU.Build.0 = Release|Any CPU
	EndGlobalSection
	GlobalSection(SolutionProperties) = preSolution
		HideSolutionNode = FALSE
	EndGlobalSection
	GlobalSection(ExtensibilityGlobals) = postSolution
		SolutionGuid = {501664BA-DF07-4411-8A17-A57806E42661}
	EndGlobalSection
EndGlobal
